// !$*UTF8*$!
{
	archiveVersion = 1;
	classes = {
	};
	objectVersion = 56;
	objects = {

/* Begin PBXBuildFile section */
		91025D1C2B7AB558005A6AB7 /* RealityKitContent in Frameworks */ = {isa = PBXBuildFile; productRef = 91025D1B2B7AB558005A6AB7 /* RealityKitContent */; };
		91025D1E2B7AB558005A6AB7 /* Smart_HomeApp.swift in Sources */ = {isa = PBXBuildFile; fileRef = 91025D1D2B7AB558005A6AB7 /* Smart_HomeApp.swift */; };
		91025D202B7AB558005A6AB7 /* ContentView.swift in Sources */ = {isa = PBXBuildFile; fileRef = 91025D1F2B7AB558005A6AB7 /* ContentView.swift */; };
		91025D222B7AB55A005A6AB7 /* Assets.xcassets in Resources */ = {isa = PBXBuildFile; fileRef = 91025D212B7AB55A005A6AB7 /* Assets.xcassets */; };
		91025D252B7AB55A005A6AB7 /* Preview Assets.xcassets in Resources */ = {isa = PBXBuildFile; fileRef = 91025D242B7AB55A005A6AB7 /* Preview Assets.xcassets */; };
		91025D302B7AB55A005A6AB7 /* Smart_HomeTests.swift in Sources */ = {isa = PBXBuildFile; fileRef = 91025D2F2B7AB55A005A6AB7 /* Smart_HomeTests.swift */; };
		9118DDFF2B8546F800FC77C8 /* HealthWidget.swift in Sources */ = {isa = PBXBuildFile; fileRef = 9118DDFE2B8546F800FC77C8 /* HealthWidget.swift */; };
		9125AF6B2B7B04220026F9B9 /* RoomTabView.swift in Sources */ = {isa = PBXBuildFile; fileRef = 9125AF6A2B7B04220026F9B9 /* RoomTabView.swift */; };
		9125AF6D2B7B04330026F9B9 /* SceneTabView.swift in Sources */ = {isa = PBXBuildFile; fileRef = 9125AF6C2B7B04330026F9B9 /* SceneTabView.swift */; };
		9125AF6F2B7B04410026F9B9 /* CamTabView.swift in Sources */ = {isa = PBXBuildFile; fileRef = 9125AF6E2B7B04410026F9B9 /* CamTabView.swift */; };
		9125AF712B7B044F0026F9B9 /* FavoritesTabView.swift in Sources */ = {isa = PBXBuildFile; fileRef = 9125AF702B7B044F0026F9B9 /* FavoritesTabView.swift */; };
		912EA3ED2B8925CE00186B59 /* HouseSceneModel.swift in Sources */ = {isa = PBXBuildFile; fileRef = 912EA3EC2B8925CE00186B59 /* HouseSceneModel.swift */; };
		912EA3EF2B8926FF00186B59 /* HouseSceneData.swift in Sources */ = {isa = PBXBuildFile; fileRef = 912EA3EE2B8926FF00186B59 /* HouseSceneData.swift */; };
		91B7A16B2B7B0A5A003A70EF /* HomeTabView.swift in Sources */ = {isa = PBXBuildFile; fileRef = 91B7A16A2B7B0A5A003A70EF /* HomeTabView.swift */; };
		91B7A16D2B7B0BC3003A70EF /* HouseModel.swift in Sources */ = {isa = PBXBuildFile; fileRef = 91B7A16C2B7B0BC3003A70EF /* HouseModel.swift */; };
		91B7A1702B7B0E1B003A70EF /* HouseData.swift in Sources */ = {isa = PBXBuildFile; fileRef = 91B7A16F2B7B0E1B003A70EF /* HouseData.swift */; };
		91B7A1722B7B0F58003A70EF /* RoomDetailView.swift in Sources */ = {isa = PBXBuildFile; fileRef = 91B7A1712B7B0F58003A70EF /* RoomDetailView.swift */; };
		91BBCD712B829B4800032431 /* WidgetWrapper.swift in Sources */ = {isa = PBXBuildFile; fileRef = 91BBCD702B829B4800032431 /* WidgetWrapper.swift */; };
		91BBCD742B82A5B300032431 /* LightWidget.swift in Sources */ = {isa = PBXBuildFile; fileRef = 91BBCD732B82A5B300032431 /* LightWidget.swift */; };
		91BBCD772B82A5DA00032431 /* TemperatureWidget.swift in Sources */ = {isa = PBXBuildFile; fileRef = 91BBCD762B82A5DA00032431 /* TemperatureWidget.swift */; };
		91BBCD7A2B82B76B00032431 /* WidgetUtils.swift in Sources */ = {isa = PBXBuildFile; fileRef = 91BBCD792B82B76B00032431 /* WidgetUtils.swift */; };
		91BF19962B83E98500D5CAB9 /* CameraWidget.swift in Sources */ = {isa = PBXBuildFile; fileRef = 91BF19952B83E98500D5CAB9 /* CameraWidget.swift */; };
		91BF19982B83ECAA00D5CAB9 /* CamPageView.swift in Sources */ = {isa = PBXBuildFile; fileRef = 91BF19972B83ECAA00D5CAB9 /* CamPageView.swift */; };
		91BF199B2B83F2C500D5CAB9 /* LiveCamView.swift in Sources */ = {isa = PBXBuildFile; fileRef = 91BF199A2B83F2C500D5CAB9 /* LiveCamView.swift */; };
		91BF199D2B83F3D500D5CAB9 /* CameraData.swift in Sources */ = {isa = PBXBuildFile; fileRef = 91BF199C2B83F3D500D5CAB9 /* CameraData.swift */; };
/* End PBXBuildFile section */

/* Begin PBXContainerItemProxy section */
		91025D2C2B7AB55A005A6AB7 /* PBXContainerItemProxy */ = {
			isa = PBXContainerItemProxy;
			containerPortal = 91025D0E2B7AB558005A6AB7 /* Project object */;
			proxyType = 1;
			remoteGlobalIDString = 91025D152B7AB558005A6AB7;
			remoteInfo = "Smart Home";
		};
/* End PBXContainerItemProxy section */

/* Begin PBXFileReference section */
		91025D162B7AB558005A6AB7 /* Smart Home.app */ = {isa = PBXFileReference; explicitFileType = wrapper.application; includeInIndex = 0; path = "Smart Home.app"; sourceTree = BUILT_PRODUCTS_DIR; };
		91025D1A2B7AB558005A6AB7 /* RealityKitContent */ = {isa = PBXFileReference; lastKnownFileType = wrapper; path = RealityKitContent; sourceTree = "<group>"; };
		91025D1D2B7AB558005A6AB7 /* Smart_HomeApp.swift */ = {isa = PBXFileReference; lastKnownFileType = sourcecode.swift; path = Smart_HomeApp.swift; sourceTree = "<group>"; };
		91025D1F2B7AB558005A6AB7 /* ContentView.swift */ = {isa = PBXFileReference; lastKnownFileType = sourcecode.swift; path = ContentView.swift; sourceTree = "<group>"; };
		91025D212B7AB55A005A6AB7 /* Assets.xcassets */ = {isa = PBXFileReference; lastKnownFileType = folder.assetcatalog; path = Assets.xcassets; sourceTree = "<group>"; };
		91025D242B7AB55A005A6AB7 /* Preview Assets.xcassets */ = {isa = PBXFileReference; lastKnownFileType = folder.assetcatalog; path = "Preview Assets.xcassets"; sourceTree = "<group>"; };
		91025D262B7AB55A005A6AB7 /* Info.plist */ = {isa = PBXFileReference; lastKnownFileType = text.plist.xml; path = Info.plist; sourceTree = "<group>"; };
		91025D2B2B7AB55A005A6AB7 /* Smart HomeTests.xctest */ = {isa = PBXFileReference; explicitFileType = wrapper.cfbundle; includeInIndex = 0; path = "Smart HomeTests.xctest"; sourceTree = BUILT_PRODUCTS_DIR; };
		91025D2F2B7AB55A005A6AB7 /* Smart_HomeTests.swift */ = {isa = PBXFileReference; lastKnownFileType = sourcecode.swift; path = Smart_HomeTests.swift; sourceTree = "<group>"; };
		9118DDFE2B8546F800FC77C8 /* HealthWidget.swift */ = {isa = PBXFileReference; lastKnownFileType = sourcecode.swift; path = HealthWidget.swift; sourceTree = "<group>"; };
		9125AF6A2B7B04220026F9B9 /* RoomTabView.swift */ = {isa = PBXFileReference; lastKnownFileType = sourcecode.swift; path = RoomTabView.swift; sourceTree = "<group>"; };
		9125AF6C2B7B04330026F9B9 /* SceneTabView.swift */ = {isa = PBXFileReference; lastKnownFileType = sourcecode.swift; path = SceneTabView.swift; sourceTree = "<group>"; };
		9125AF6E2B7B04410026F9B9 /* CamTabView.swift */ = {isa = PBXFileReference; lastKnownFileType = sourcecode.swift; path = CamTabView.swift; sourceTree = "<group>"; };
		9125AF702B7B044F0026F9B9 /* FavoritesTabView.swift */ = {isa = PBXFileReference; lastKnownFileType = sourcecode.swift; path = FavoritesTabView.swift; sourceTree = "<group>"; };
		912EA3EC2B8925CE00186B59 /* HouseSceneModel.swift */ = {isa = PBXFileReference; lastKnownFileType = sourcecode.swift; path = HouseSceneModel.swift; sourceTree = "<group>"; };
		912EA3EE2B8926FF00186B59 /* HouseSceneData.swift */ = {isa = PBXFileReference; lastKnownFileType = sourcecode.swift; path = HouseSceneData.swift; sourceTree = "<group>"; };
		91B7A16A2B7B0A5A003A70EF /* HomeTabView.swift */ = {isa = PBXFileReference; lastKnownFileType = sourcecode.swift; path = HomeTabView.swift; sourceTree = "<group>"; };
		91B7A16C2B7B0BC3003A70EF /* HouseModel.swift */ = {isa = PBXFileReference; lastKnownFileType = sourcecode.swift; path = HouseModel.swift; sourceTree = "<group>"; };
		91B7A16F2B7B0E1B003A70EF /* HouseData.swift */ = {isa = PBXFileReference; lastKnownFileType = sourcecode.swift; path = HouseData.swift; sourceTree = "<group>"; };
		91B7A1712B7B0F58003A70EF /* RoomDetailView.swift */ = {isa = PBXFileReference; lastKnownFileType = sourcecode.swift; path = RoomDetailView.swift; sourceTree = "<group>"; };
		91BBCD702B829B4800032431 /* WidgetWrapper.swift */ = {isa = PBXFileReference; lastKnownFileType = sourcecode.swift; path = WidgetWrapper.swift; sourceTree = "<group>"; };
		91BBCD732B82A5B300032431 /* LightWidget.swift */ = {isa = PBXFileReference; lastKnownFileType = sourcecode.swift; path = LightWidget.swift; sourceTree = "<group>"; };
		91BBCD762B82A5DA00032431 /* TemperatureWidget.swift */ = {isa = PBXFileReference; lastKnownFileType = sourcecode.swift; path = TemperatureWidget.swift; sourceTree = "<group>"; };
		91BBCD792B82B76B00032431 /* WidgetUtils.swift */ = {isa = PBXFileReference; lastKnownFileType = sourcecode.swift; path = WidgetUtils.swift; sourceTree = "<group>"; };
		91BF19952B83E98500D5CAB9 /* CameraWidget.swift */ = {isa = PBXFileReference; lastKnownFileType = sourcecode.swift; path = CameraWidget.swift; sourceTree = "<group>"; };
		91BF19972B83ECAA00D5CAB9 /* CamPageView.swift */ = {isa = PBXFileReference; lastKnownFileType = sourcecode.swift; path = CamPageView.swift; sourceTree = "<group>"; };
		91BF199A2B83F2C500D5CAB9 /* LiveCamView.swift */ = {isa = PBXFileReference; lastKnownFileType = sourcecode.swift; path = LiveCamView.swift; sourceTree = "<group>"; };
		91BF199C2B83F3D500D5CAB9 /* CameraData.swift */ = {isa = PBXFileReference; lastKnownFileType = sourcecode.swift; path = CameraData.swift; sourceTree = "<group>"; };
/* End PBXFileReference section */

/* Begin PBXFrameworksBuildPhase section */
		91025D132B7AB558005A6AB7 /* Frameworks */ = {
			isa = PBXFrameworksBuildPhase;
			buildActionMask = 2147483647;
			files = (
				91025D1C2B7AB558005A6AB7 /* RealityKitContent in Frameworks */,
			);
			runOnlyForDeploymentPostprocessing = 0;
		};
		91025D282B7AB55A005A6AB7 /* Frameworks */ = {
			isa = PBXFrameworksBuildPhase;
			buildActionMask = 2147483647;
			files = (
			);
			runOnlyForDeploymentPostprocessing = 0;
		};
/* End PBXFrameworksBuildPhase section */

/* Begin PBXGroup section */
		91025D0D2B7AB558005A6AB7 = {
			isa = PBXGroup;
			children = (
				91025D182B7AB558005A6AB7 /* Smart Home */,
				91025D192B7AB558005A6AB7 /* Packages */,
				91025D2E2B7AB55A005A6AB7 /* Smart HomeTests */,
				91025D172B7AB558005A6AB7 /* Products */,
			);
			sourceTree = "<group>";
		};
		91025D172B7AB558005A6AB7 /* Products */ = {
			isa = PBXGroup;
			children = (
				91025D162B7AB558005A6AB7 /* Smart Home.app */,
				91025D2B2B7AB55A005A6AB7 /* Smart HomeTests.xctest */,
			);
			name = Products;
			sourceTree = "<group>";
		};
		91025D182B7AB558005A6AB7 /* Smart Home */ = {
			isa = PBXGroup;
			children = (
				91BBCD782B82B75300032431 /* Utils */,
				91B7A16E2B7B0E0F003A70EF /* Data */,
				91025D3D2B7ABBA0005A6AB7 /* Models */,
				91025D3A2B7ABA17005A6AB7 /* Views */,
				91025D392B7AB9E8005A6AB7 /* Components */,
				91025D1D2B7AB558005A6AB7 /* Smart_HomeApp.swift */,
				91025D1F2B7AB558005A6AB7 /* ContentView.swift */,
				91025D212B7AB55A005A6AB7 /* Assets.xcassets */,
				91025D262B7AB55A005A6AB7 /* Info.plist */,
				91025D232B7AB55A005A6AB7 /* Preview Content */,
			);
			path = "Smart Home";
			sourceTree = "<group>";
		};
		91025D192B7AB558005A6AB7 /* Packages */ = {
			isa = PBXGroup;
			children = (
				91025D1A2B7AB558005A6AB7 /* RealityKitContent */,
			);
			path = Packages;
			sourceTree = "<group>";
		};
		91025D232B7AB55A005A6AB7 /* Preview Content */ = {
			isa = PBXGroup;
			children = (
				91025D242B7AB55A005A6AB7 /* Preview Assets.xcassets */,
			);
			path = "Preview Content";
			sourceTree = "<group>";
		};
		91025D2E2B7AB55A005A6AB7 /* Smart HomeTests */ = {
			isa = PBXGroup;
			children = (
				91025D2F2B7AB55A005A6AB7 /* Smart_HomeTests.swift */,
			);
			path = "Smart HomeTests";
			sourceTree = "<group>";
		};
		91025D392B7AB9E8005A6AB7 /* Components */ = {
			isa = PBXGroup;
			children = (
			);
			path = Components;
			sourceTree = "<group>";
		};
		91025D3A2B7ABA17005A6AB7 /* Views */ = {
			isa = PBXGroup;
			children = (
				91BF19992B83F2B000D5CAB9 /* Camera */,
				91BBCD6F2B829B1100032431 /* Appliance Widget */,
				9125AF6A2B7B04220026F9B9 /* RoomTabView.swift */,
				9125AF6C2B7B04330026F9B9 /* SceneTabView.swift */,
				9125AF6E2B7B04410026F9B9 /* CamTabView.swift */,
				9125AF702B7B044F0026F9B9 /* FavoritesTabView.swift */,
				91B7A16A2B7B0A5A003A70EF /* HomeTabView.swift */,
				91B7A1712B7B0F58003A70EF /* RoomDetailView.swift */,
			);
			path = Views;
			sourceTree = "<group>";
		};
		91025D3D2B7ABBA0005A6AB7 /* Models */ = {
			isa = PBXGroup;
			children = (
				91B7A16C2B7B0BC3003A70EF /* HouseModel.swift */,
				912EA3EC2B8925CE00186B59 /* HouseSceneModel.swift */,
			);
			path = Models;
			sourceTree = "<group>";
		};
		91B7A16E2B7B0E0F003A70EF /* Data */ = {
			isa = PBXGroup;
			children = (
				91B7A16F2B7B0E1B003A70EF /* HouseData.swift */,
				91BF199C2B83F3D500D5CAB9 /* CameraData.swift */,
				912EA3EE2B8926FF00186B59 /* HouseSceneData.swift */,
			);
			path = Data;
			sourceTree = "<group>";
		};
		91BBCD6F2B829B1100032431 /* Appliance Widget */ = {
			isa = PBXGroup;
			children = (
				91BBCD722B829B9500032431 /* Types */,
				91BBCD702B829B4800032431 /* WidgetWrapper.swift */,
			);
			path = "Appliance Widget";
			sourceTree = "<group>";
		};
		91BBCD722B829B9500032431 /* Types */ = {
			isa = PBXGroup;
			children = (
				91BBCD732B82A5B300032431 /* LightWidget.swift */,
				91BBCD762B82A5DA00032431 /* TemperatureWidget.swift */,
				91BF19952B83E98500D5CAB9 /* CameraWidget.swift */,
				9118DDFE2B8546F800FC77C8 /* HealthWidget.swift */,
			);
			path = Types;
			sourceTree = "<group>";
		};
		91BBCD782B82B75300032431 /* Utils */ = {
			isa = PBXGroup;
			children = (
				91BBCD792B82B76B00032431 /* WidgetUtils.swift */,
			);
			path = Utils;
			sourceTree = "<group>";
		};
		91BF19992B83F2B000D5CAB9 /* Camera */ = {
			isa = PBXGroup;
			children = (
				91BF19972B83ECAA00D5CAB9 /* CamPageView.swift */,
				91BF199A2B83F2C500D5CAB9 /* LiveCamView.swift */,
			);
			path = Camera;
			sourceTree = "<group>";
		};
/* End PBXGroup section */

/* Begin PBXNativeTarget section */
		91025D152B7AB558005A6AB7 /* Smart Home */ = {
			isa = PBXNativeTarget;
			buildConfigurationList = 91025D332B7AB55A005A6AB7 /* Build configuration list for PBXNativeTarget "Smart Home" */;
			buildPhases = (
				91025D122B7AB558005A6AB7 /* Sources */,
				91025D132B7AB558005A6AB7 /* Frameworks */,
				91025D142B7AB558005A6AB7 /* Resources */,
			);
			buildRules = (
			);
			dependencies = (
			);
			name = "Smart Home";
			packageProductDependencies = (
				91025D1B2B7AB558005A6AB7 /* RealityKitContent */,
			);
			productName = "Smart Home";
			productReference = 91025D162B7AB558005A6AB7 /* Smart Home.app */;
			productType = "com.apple.product-type.application";
		};
		91025D2A2B7AB55A005A6AB7 /* Smart HomeTests */ = {
			isa = PBXNativeTarget;
			buildConfigurationList = 91025D362B7AB55A005A6AB7 /* Build configuration list for PBXNativeTarget "Smart HomeTests" */;
			buildPhases = (
				91025D272B7AB55A005A6AB7 /* Sources */,
				91025D282B7AB55A005A6AB7 /* Frameworks */,
				91025D292B7AB55A005A6AB7 /* Resources */,
			);
			buildRules = (
			);
			dependencies = (
				91025D2D2B7AB55A005A6AB7 /* PBXTargetDependency */,
			);
			name = "Smart HomeTests";
			productName = "Smart HomeTests";
			productReference = 91025D2B2B7AB55A005A6AB7 /* Smart HomeTests.xctest */;
			productType = "com.apple.product-type.bundle.unit-test";
		};
/* End PBXNativeTarget section */

/* Begin PBXProject section */
		91025D0E2B7AB558005A6AB7 /* Project object */ = {
			isa = PBXProject;
			attributes = {
				BuildIndependentTargetsInParallel = 1;
				LastSwiftUpdateCheck = 1520;
				LastUpgradeCheck = 1520;
				TargetAttributes = {
					91025D152B7AB558005A6AB7 = {
						CreatedOnToolsVersion = 15.2;
					};
					91025D2A2B7AB55A005A6AB7 = {
						CreatedOnToolsVersion = 15.2;
						TestTargetID = 91025D152B7AB558005A6AB7;
					};
				};
			};
			buildConfigurationList = 91025D112B7AB558005A6AB7 /* Build configuration list for PBXProject "Smart Home" */;
			compatibilityVersion = "Xcode 14.0";
			developmentRegion = en;
			hasScannedForEncodings = 0;
			knownRegions = (
				en,
				Base,
			);
			mainGroup = 91025D0D2B7AB558005A6AB7;
			productRefGroup = 91025D172B7AB558005A6AB7 /* Products */;
			projectDirPath = "";
			projectRoot = "";
			targets = (
				91025D152B7AB558005A6AB7 /* Smart Home */,
				91025D2A2B7AB55A005A6AB7 /* Smart HomeTests */,
			);
		};
/* End PBXProject section */

/* Begin PBXResourcesBuildPhase section */
		91025D142B7AB558005A6AB7 /* Resources */ = {
			isa = PBXResourcesBuildPhase;
			buildActionMask = 2147483647;
			files = (
				91025D252B7AB55A005A6AB7 /* Preview Assets.xcassets in Resources */,
				91025D222B7AB55A005A6AB7 /* Assets.xcassets in Resources */,
			);
			runOnlyForDeploymentPostprocessing = 0;
		};
		91025D292B7AB55A005A6AB7 /* Resources */ = {
			isa = PBXResourcesBuildPhase;
			buildActionMask = 2147483647;
			files = (
			);
			runOnlyForDeploymentPostprocessing = 0;
		};
/* End PBXResourcesBuildPhase section */

/* Begin PBXSourcesBuildPhase section */
		91025D122B7AB558005A6AB7 /* Sources */ = {
			isa = PBXSourcesBuildPhase;
			buildActionMask = 2147483647;
			files = (
				91BF199D2B83F3D500D5CAB9 /* CameraData.swift in Sources */,
				91B7A16D2B7B0BC3003A70EF /* HouseModel.swift in Sources */,
				9125AF6F2B7B04410026F9B9 /* CamTabView.swift in Sources */,
				91B7A16B2B7B0A5A003A70EF /* HomeTabView.swift in Sources */,
				912EA3EF2B8926FF00186B59 /* HouseSceneData.swift in Sources */,
				91BBCD7A2B82B76B00032431 /* WidgetUtils.swift in Sources */,
				91B7A1702B7B0E1B003A70EF /* HouseData.swift in Sources */,
				912EA3ED2B8925CE00186B59 /* HouseSceneModel.swift in Sources */,
				91BF19982B83ECAA00D5CAB9 /* CamPageView.swift in Sources */,
				91B7A1722B7B0F58003A70EF /* RoomDetailView.swift in Sources */,
				9125AF6B2B7B04220026F9B9 /* RoomTabView.swift in Sources */,
				9125AF712B7B044F0026F9B9 /* FavoritesTabView.swift in Sources */,
				91025D202B7AB558005A6AB7 /* ContentView.swift in Sources */,
				91025D1E2B7AB558005A6AB7 /* Smart_HomeApp.swift in Sources */,
				91BF19962B83E98500D5CAB9 /* CameraWidget.swift in Sources */,
				9118DDFF2B8546F800FC77C8 /* HealthWidget.swift in Sources */,
				91BBCD772B82A5DA00032431 /* TemperatureWidget.swift in Sources */,
				91BBCD712B829B4800032431 /* WidgetWrapper.swift in Sources */,
				91BF199B2B83F2C500D5CAB9 /* LiveCamView.swift in Sources */,
				91BBCD742B82A5B300032431 /* LightWidget.swift in Sources */,
				9125AF6D2B7B04330026F9B9 /* SceneTabView.swift in Sources */,
			);
			runOnlyForDeploymentPostprocessing = 0;
		};
		91025D272B7AB55A005A6AB7 /* Sources */ = {
			isa = PBXSourcesBuildPhase;
			buildActionMask = 2147483647;
			files = (
				91025D302B7AB55A005A6AB7 /* Smart_HomeTests.swift in Sources */,
			);
			runOnlyForDeploymentPostprocessing = 0;
		};
/* End PBXSourcesBuildPhase section */

/* Begin PBXTargetDependency section */
		91025D2D2B7AB55A005A6AB7 /* PBXTargetDependency */ = {
			isa = PBXTargetDependency;
			target = 91025D152B7AB558005A6AB7 /* Smart Home */;
			targetProxy = 91025D2C2B7AB55A005A6AB7 /* PBXContainerItemProxy */;
		};
/* End PBXTargetDependency section */

/* Begin XCBuildConfiguration section */
		91025D312B7AB55A005A6AB7 /* Debug */ = {
			isa = XCBuildConfiguration;
			buildSettings = {
				ALWAYS_SEARCH_USER_PATHS = NO;
				ASSETCATALOG_COMPILER_GENERATE_SWIFT_ASSET_SYMBOL_EXTENSIONS = YES;
				CLANG_ANALYZER_NONNULL = YES;
				CLANG_ANALYZER_NUMBER_OBJECT_CONVERSION = YES_AGGRESSIVE;
				CLANG_CXX_LANGUAGE_STANDARD = "gnu++20";
				CLANG_ENABLE_MODULES = YES;
				CLANG_ENABLE_OBJC_ARC = YES;
				CLANG_ENABLE_OBJC_WEAK = YES;
				CLANG_WARN_BLOCK_CAPTURE_AUTORELEASING = YES;
				CLANG_WARN_BOOL_CONVERSION = YES;
				CLANG_WARN_COMMA = YES;
				CLANG_WARN_CONSTANT_CONVERSION = YES;
				CLANG_WARN_DEPRECATED_OBJC_IMPLEMENTATIONS = YES;
				CLANG_WARN_DIRECT_OBJC_ISA_USAGE = YES_ERROR;
				CLANG_WARN_DOCUMENTATION_COMMENTS = YES;
				CLANG_WARN_EMPTY_BODY = YES;
				CLANG_WARN_ENUM_CONVERSION = YES;
				CLANG_WARN_INFINITE_RECURSION = YES;
				CLANG_WARN_INT_CONVERSION = YES;
				CLANG_WARN_NON_LITERAL_NULL_CONVERSION = YES;
				CLANG_WARN_OBJC_IMPLICIT_RETAIN_SELF = YES;
				CLANG_WARN_OBJC_LITERAL_CONVERSION = YES;
				CLANG_WARN_OBJC_ROOT_CLASS = YES_ERROR;
				CLANG_WARN_QUOTED_INCLUDE_IN_FRAMEWORK_HEADER = YES;
				CLANG_WARN_RANGE_LOOP_ANALYSIS = YES;
				CLANG_WARN_STRICT_PROTOTYPES = YES;
				CLANG_WARN_SUSPICIOUS_MOVE = YES;
				CLANG_WARN_UNGUARDED_AVAILABILITY = YES_AGGRESSIVE;
				CLANG_WARN_UNREACHABLE_CODE = YES;
				CLANG_WARN__DUPLICATE_METHOD_MATCH = YES;
				COPY_PHASE_STRIP = NO;
				DEBUG_INFORMATION_FORMAT = dwarf;
				ENABLE_STRICT_OBJC_MSGSEND = YES;
				ENABLE_TESTABILITY = YES;
				ENABLE_USER_SCRIPT_SANDBOXING = YES;
				GCC_C_LANGUAGE_STANDARD = gnu17;
				GCC_DYNAMIC_NO_PIC = NO;
				GCC_NO_COMMON_BLOCKS = YES;
				GCC_OPTIMIZATION_LEVEL = 0;
				GCC_PREPROCESSOR_DEFINITIONS = (
					"DEBUG=1",
					"$(inherited)",
				);
				GCC_WARN_64_TO_32_BIT_CONVERSION = YES;
				GCC_WARN_ABOUT_RETURN_TYPE = YES_ERROR;
				GCC_WARN_UNDECLARED_SELECTOR = YES;
				GCC_WARN_UNINITIALIZED_AUTOS = YES_AGGRESSIVE;
				GCC_WARN_UNUSED_FUNCTION = YES;
				GCC_WARN_UNUSED_VARIABLE = YES;
				LOCALIZATION_PREFERS_STRING_CATALOGS = YES;
				MTL_ENABLE_DEBUG_INFO = INCLUDE_SOURCE;
				MTL_FAST_MATH = YES;
				ONLY_ACTIVE_ARCH = YES;
				SDKROOT = xros;
				SWIFT_ACTIVE_COMPILATION_CONDITIONS = "DEBUG $(inherited)";
				SWIFT_OPTIMIZATION_LEVEL = "-Onone";
				XROS_DEPLOYMENT_TARGET = 1.0;
			};
			name = Debug;
		};
		91025D322B7AB55A005A6AB7 /* Release */ = {
			isa = XCBuildConfiguration;
			buildSettings = {
				ALWAYS_SEARCH_USER_PATHS = NO;
				ASSETCATALOG_COMPILER_GENERATE_SWIFT_ASSET_SYMBOL_EXTENSIONS = YES;
				CLANG_ANALYZER_NONNULL = YES;
				CLANG_ANALYZER_NUMBER_OBJECT_CONVERSION = YES_AGGRESSIVE;
				CLANG_CXX_LANGUAGE_STANDARD = "gnu++20";
				CLANG_ENABLE_MODULES = YES;
				CLANG_ENABLE_OBJC_ARC = YES;
				CLANG_ENABLE_OBJC_WEAK = YES;
				CLANG_WARN_BLOCK_CAPTURE_AUTORELEASING = YES;
				CLANG_WARN_BOOL_CONVERSION = YES;
				CLANG_WARN_COMMA = YES;
				CLANG_WARN_CONSTANT_CONVERSION = YES;
				CLANG_WARN_DEPRECATED_OBJC_IMPLEMENTATIONS = YES;
				CLANG_WARN_DIRECT_OBJC_ISA_USAGE = YES_ERROR;
				CLANG_WARN_DOCUMENTATION_COMMENTS = YES;
				CLANG_WARN_EMPTY_BODY = YES;
				CLANG_WARN_ENUM_CONVERSION = YES;
				CLANG_WARN_INFINITE_RECURSION = YES;
				CLANG_WARN_INT_CONVERSION = YES;
				CLANG_WARN_NON_LITERAL_NULL_CONVERSION = YES;
				CLANG_WARN_OBJC_IMPLICIT_RETAIN_SELF = YES;
				CLANG_WARN_OBJC_LITERAL_CONVERSION = YES;
				CLANG_WARN_OBJC_ROOT_CLASS = YES_ERROR;
				CLANG_WARN_QUOTED_INCLUDE_IN_FRAMEWORK_HEADER = YES;
				CLANG_WARN_RANGE_LOOP_ANALYSIS = YES;
				CLANG_WARN_STRICT_PROTOTYPES = YES;
				CLANG_WARN_SUSPICIOUS_MOVE = YES;
				CLANG_WARN_UNGUARDED_AVAILABILITY = YES_AGGRESSIVE;
				CLANG_WARN_UNREACHABLE_CODE = YES;
				CLANG_WARN__DUPLICATE_METHOD_MATCH = YES;
				COPY_PHASE_STRIP = NO;
				DEBUG_INFORMATION_FORMAT = "dwarf-with-dsym";
				ENABLE_NS_ASSERTIONS = NO;
				ENABLE_STRICT_OBJC_MSGSEND = YES;
				ENABLE_USER_SCRIPT_SANDBOXING = YES;
				GCC_C_LANGUAGE_STANDARD = gnu17;
				GCC_NO_COMMON_BLOCKS = YES;
				GCC_WARN_64_TO_32_BIT_CONVERSION = YES;
				GCC_WARN_ABOUT_RETURN_TYPE = YES_ERROR;
				GCC_WARN_UNDECLARED_SELECTOR = YES;
				GCC_WARN_UNINITIALIZED_AUTOS = YES_AGGRESSIVE;
				GCC_WARN_UNUSED_FUNCTION = YES;
				GCC_WARN_UNUSED_VARIABLE = YES;
				LOCALIZATION_PREFERS_STRING_CATALOGS = YES;
				MTL_ENABLE_DEBUG_INFO = NO;
				MTL_FAST_MATH = YES;
				SDKROOT = xros;
				SWIFT_COMPILATION_MODE = wholemodule;
				VALIDATE_PRODUCT = YES;
				XROS_DEPLOYMENT_TARGET = 1.0;
			};
			name = Release;
		};
		91025D342B7AB55A005A6AB7 /* Debug */ = {
			isa = XCBuildConfiguration;
			buildSettings = {
				ASSETCATALOG_COMPILER_APPICON_NAME = AppIcon;
				ASSETCATALOG_COMPILER_GLOBAL_ACCENT_COLOR_NAME = AccentColor;
				CODE_SIGN_STYLE = Automatic;
				CURRENT_PROJECT_VERSION = 1;
				DEVELOPMENT_ASSET_PATHS = "\"Smart Home/Preview Content\"";
				DEVELOPMENT_TEAM = T6S3X5KD6C;
				ENABLE_PREVIEWS = YES;
				GENERATE_INFOPLIST_FILE = YES;
				INFOPLIST_FILE = "$(TARGET_NAME)/Info.plist";
				LD_RUNPATH_SEARCH_PATHS = (
					"$(inherited)",
					"@executable_path/Frameworks",
				);
				MARKETING_VERSION = 1.0;
				PRODUCT_BUNDLE_IDENTIFIER = "Francia.Smart-Home";
				PRODUCT_NAME = "$(TARGET_NAME)";
				SUPPORTED_PLATFORMS = "xros xrsimulator";
				SWIFT_EMIT_LOC_STRINGS = YES;
				SWIFT_VERSION = 5.0;
				TARGETED_DEVICE_FAMILY = "1,2,7";
			};
			name = Debug;
		};
		91025D352B7AB55A005A6AB7 /* Release */ = {
			isa = XCBuildConfiguration;
			buildSettings = {
				ASSETCATALOG_COMPILER_APPICON_NAME = AppIcon;
				ASSETCATALOG_COMPILER_GLOBAL_ACCENT_COLOR_NAME = AccentColor;
				CODE_SIGN_STYLE = Automatic;
				CURRENT_PROJECT_VERSION = 1;
				DEVELOPMENT_ASSET_PATHS = "\"Smart Home/Preview Content\"";
				DEVELOPMENT_TEAM = T6S3X5KD6C;
				ENABLE_PREVIEWS = YES;
				GENERATE_INFOPLIST_FILE = YES;
				INFOPLIST_FILE = "$(TARGET_NAME)/Info.plist";
				LD_RUNPATH_SEARCH_PATHS = (
					"$(inherited)",
					"@executable_path/Frameworks",
				);
				MARKETING_VERSION = 1.0;
				PRODUCT_BUNDLE_IDENTIFIER = "Francia.Smart-Home";
				PRODUCT_NAME = "$(TARGET_NAME)";
				SUPPORTED_PLATFORMS = "xros xrsimulator";
				SWIFT_EMIT_LOC_STRINGS = YES;
				SWIFT_VERSION = 5.0;
				TARGETED_DEVICE_FAMILY = "1,2,7";
			};
			name = Release;
		};
		91025D372B7AB55A005A6AB7 /* Debug */ = {
			isa = XCBuildConfiguration;
			buildSettings = {
				ALWAYS_EMBED_SWIFT_STANDARD_LIBRARIES = YES;
				BUNDLE_LOADER = "$(TEST_HOST)";
				CODE_SIGN_STYLE = Automatic;
				CURRENT_PROJECT_VERSION = 1;
				DEVELOPMENT_TEAM = T6S3X5KD6C;
				GENERATE_INFOPLIST_FILE = YES;
				MARKETING_VERSION = 1.0;
				PRODUCT_BUNDLE_IDENTIFIER = "Francia.Smart-HomeTests";
				PRODUCT_NAME = "$(TARGET_NAME)";
				SUPPORTED_PLATFORMS = "xros xrsimulator";
				SWIFT_EMIT_LOC_STRINGS = NO;
				SWIFT_VERSION = 5.0;
				TARGETED_DEVICE_FAMILY = "1,2,7";
				TEST_HOST = "$(BUILT_PRODUCTS_DIR)/Smart Home.app/$(BUNDLE_EXECUTABLE_FOLDER_PATH)/Smart Home";
				XROS_DEPLOYMENT_TARGET = 1.0;
			};
			name = Debug;
		};
		91025D382B7AB55A005A6AB7 /* Release */ = {
			isa = XCBuildConfiguration;
			buildSettings = {
				ALWAYS_EMBED_SWIFT_STANDARD_LIBRARIES = YES;
				BUNDLE_LOADER = "$(TEST_HOST)";
				CODE_SIGN_STYLE = Automatic;
				CURRENT_PROJECT_VERSION = 1;
				DEVELOPMENT_TEAM = T6S3X5KD6C;
				GENERATE_INFOPLIST_FILE = YES;
				MARKETING_VERSION = 1.0;
				PRODUCT_BUNDLE_IDENTIFIER = "Francia.Smart-HomeTests";
				PRODUCT_NAME = "$(TARGET_NAME)";
				SUPPORTED_PLATFORMS = "xros xrsimulator";
				SWIFT_EMIT_LOC_STRINGS = NO;
				SWIFT_VERSION = 5.0;
				TARGETED_DEVICE_FAMILY = "1,2,7";
				TEST_HOST = "$(BUILT_PRODUCTS_DIR)/Smart Home.app/$(BUNDLE_EXECUTABLE_FOLDER_PATH)/Smart Home";
				XROS_DEPLOYMENT_TARGET = 1.0;
			};
			name = Release;
		};
/* End XCBuildConfiguration section */

/* Begin XCConfigurationList section */
		91025D112B7AB558005A6AB7 /* Build configuration list for PBXProject "Smart Home" */ = {
			isa = XCConfigurationList;
			buildConfigurations = (
				91025D312B7AB55A005A6AB7 /* Debug */,
				91025D322B7AB55A005A6AB7 /* Release */,
			);
			defaultConfigurationIsVisible = 0;
			defaultConfigurationName = Release;
		};
		91025D332B7AB55A005A6AB7 /* Build configuration list for PBXNativeTarget "Smart Home" */ = {
			isa = XCConfigurationList;
			buildConfigurations = (
				91025D342B7AB55A005A6AB7 /* Debug */,
				91025D352B7AB55A005A6AB7 /* Release */,
			);
			defaultConfigurationIsVisible = 0;
			defaultConfigurationName = Release;
		};
		91025D362B7AB55A005A6AB7 /* Build configuration list for PBXNativeTarget "Smart HomeTests" */ = {
			isa = XCConfigurationList;
			buildConfigurations = (
				91025D372B7AB55A005A6AB7 /* Debug */,
				91025D382B7AB55A005A6AB7 /* Release */,
			);
			defaultConfigurationIsVisible = 0;
			defaultConfigurationName = Release;
		};
/* End XCConfigurationList section */

/* Begin XCSwiftPackageProductDependency section */
		91025D1B2B7AB558005A6AB7 /* RealityKitContent */ = {
			isa = XCSwiftPackageProductDependency;
			productName = RealityKitContent;
		};
/* End XCSwiftPackageProductDependency section */
	};
	rootObject = 91025D0E2B7AB558005A6AB7 /* Project object */;
}
